
Microsoft Visual Studio Solution File, Format Version 12.00
# Visual Studio Version 17
VisualStudioVersion = 17.4.33122.133
MinimumVisualStudioVersion = 10.0.40219.1
Project("{FAE04EC0-301F-11D3-BF4B-00C04F79EFBC}") = "Core3_1", "Core3_1\Core3_1.csproj", "{7F073A2B-66BD-43C6-B140-8CE187D3F802}"
EndProject
Global
	GlobalSection(SolutionConfigurationPlatforms) = preSolution
		Debug|Any CPU = Debug|Any CPU
		Release|Any CPU = Release|Any CPU
	EndGlobalSection
	GlobalSection(ProjectConfigurationPlatforms) = postSolution
		{7F073A2B-66BD-43C6-B140-8CE187D3F802}.Debug|Any CPU.ActiveCfg = Debug|Any CPU
		{7F073A2B-66BD-43C6-B140-8CE187D3F802}.Debug|Any CPU.Build.0 = Debug|Any CPU
		{7F073A2B-66BD-43C6-B140-8CE187D3F802}.Release|Any CPU.ActiveCfg = Release|Any CPU
		{7F073A2B-66BD-43C6-B140-8CE187D3F802}.Release|Any CPU.Build.0 = Release|Any CPU
	EndGlobalSection
	GlobalSection(SolutionProperties) = preSolution
		HideSolutionNode = FALSE
	EndGlobalSection
	GlobalSection(ExtensibilityGlobals) = postSolution
		SolutionGuid = {CEED2809-EEBC-4776-AD60-A1DD0429AFCC}
	EndGlobalSection
EndGlobal
